
Microsoft Visual Studio Solution File, Format Version 12.00
# Visual Studio Version 16
VisualStudioVersion = 16.0.810.14
MinimumVisualStudioVersion = 10.0.40219.1
Project("{FAE04EC0-301F-11D3-BF4B-00C04F79EFBC}") = "ProjectManagement.Web", "ProjectManagement\ProjectManagement.Web.csproj", "{2F89B540-98A4-49EF-949E-B966796A38FE}"
EndProject
Project("{FAE04EC0-301F-11D3-BF4B-00C04F79EFBC}") = "ProjectManagement.Domain", "ProjectManagement.Domain\ProjectManagement.Domain.csproj", "{C300A8CF-95D5-4B0D-BF00-F86D04C2F579}"
EndProject
Project("{FAE04EC0-301F-11D3-BF4B-00C04F79EFBC}") = "ProjectManagement.DataAccess", "ProjectManagement.DataAccess\ProjectManagement.DataAccess.csproj", "{85C7A1CA-37E9-4E9D-B480-3B785EB4A8A2}"
EndProject
Project("{FAE04EC0-301F-11D3-BF4B-00C04F79EFBC}") = "ProjectManagement.Repository", "ProjectManagement.Repository\ProjectManagement.Repository.csproj", "{F6AB8FF2-0F69-486E-B385-846A94A4BE32}"
EndProject
Project("{FAE04EC0-301F-11D3-BF4B-00C04F79EFBC}") = "ProjectManagement.Web.iTest", "ProjectManagement.Web.iTest\ProjectManagement.Web.iTest.csproj", "{CE85B8E5-8D8B-450E-9C04-49128F705434}"
EndProject
Global
	GlobalSection(SolutionConfigurationPlatforms) = preSolution
		Debug|Any CPU = Debug|Any CPU
		Release|Any CPU = Release|Any CPU
	EndGlobalSection
	GlobalSection(ProjectConfigurationPlatforms) = postSolution
		{2F89B540-98A4-49EF-949E-B966796A38FE}.Debug|Any CPU.ActiveCfg = Debug|Any CPU
		{2F89B540-98A4-49EF-949E-B966796A38FE}.Debug|Any CPU.Build.0 = Debug|Any CPU
		{2F89B540-98A4-49EF-949E-B966796A38FE}.Release|Any CPU.ActiveCfg = Release|Any CPU
		{2F89B540-98A4-49EF-949E-B966796A38FE}.Release|Any CPU.Build.0 = Release|Any CPU
		{C300A8CF-95D5-4B0D-BF00-F86D04C2F579}.Debug|Any CPU.ActiveCfg = Debug|Any CPU
		{C300A8CF-95D5-4B0D-BF00-F86D04C2F579}.Debug|Any CPU.Build.0 = Debug|Any CPU
		{C300A8CF-95D5-4B0D-BF00-F86D04C2F579}.Release|Any CPU.ActiveCfg = Release|Any CPU
		{C300A8CF-95D5-4B0D-BF00-F86D04C2F579}.Release|Any CPU.Build.0 = Release|Any CPU
		{85C7A1CA-37E9-4E9D-B480-3B785EB4A8A2}.Debug|Any CPU.ActiveCfg = Debug|Any CPU
		{85C7A1CA-37E9-4E9D-B480-3B785EB4A8A2}.Debug|Any CPU.Build.0 = Debug|Any CPU
		{85C7A1CA-37E9-4E9D-B480-3B785EB4A8A2}.Release|Any CPU.ActiveCfg = Release|Any CPU
		{85C7A1CA-37E9-4E9D-B480-3B785EB4A8A2}.Release|Any CPU.Build.0 = Release|Any CPU
		{F6AB8FF2-0F69-486E-B385-846A94A4BE32}.Debug|Any CPU.ActiveCfg = Debug|Any CPU
		{F6AB8FF2-0F69-486E-B385-846A94A4BE32}.Debug|Any CPU.Build.0 = Debug|Any CPU
		{F6AB8FF2-0F69-486E-B385-846A94A4BE32}.Release|Any CPU.ActiveCfg = Release|Any CPU
		{F6AB8FF2-0F69-486E-B385-846A94A4BE32}.Release|Any CPU.Build.0 = Release|Any CPU
		{CE85B8E5-8D8B-450E-9C04-49128F705434}.Debug|Any CPU.ActiveCfg = Debug|Any CPU
		{CE85B8E5-8D8B-450E-9C04-49128F705434}.Debug|Any CPU.Build.0 = Debug|Any CPU
		{CE85B8E5-8D8B-450E-9C04-49128F705434}.Release|Any CPU.ActiveCfg = Release|Any CPU
		{CE85B8E5-8D8B-450E-9C04-49128F705434}.Release|Any CPU.Build.0 = Release|Any CPU
	EndGlobalSection
	GlobalSection(SolutionProperties) = preSolution
		HideSolutionNode = FALSE
	EndGlobalSection
	GlobalSection(ExtensibilityGlobals) = postSolution
		SolutionGuid = {9C7A6B06-1A37-4113-93C1-1A2E5997B2C8}
	EndGlobalSection
EndGlobal
